<?xml version="1.0" encoding="utf-8"?>
<Project ToolsVersion="4.0" xmlns="http://schemas.microsoft.com/developer/msbuild/2003">
  <ItemGroup>
    <ClCompile Include="AudioEngine.cpp" />
    <ClCompile Include="..\..\Wwise\SDK\samples\SoundEngine\Win32\AkDefaultIOHookDeferred.cpp">
      <Filter>Wwise Files</Filter>
    </ClCompile>
    <ClCompile Include="..\..\Wwise\SDK\samples\SoundEngine\Win32\AkPlatformProfilerHooks.cpp">
      <Filter>Wwise Files</Filter>
    </ClCompile>
    <ClCompile Include="..\..\Wwise\SDK\samples\SoundEngine\Win32\stdafx.cpp">
      <Filter>Wwise Files</Filter>
    </ClCompile>
    <ClCompile Include="..\..\Wwise\SDK\samples\SoundEngine\Common\AkDefaultLowLevelIODispatcher.cpp">
      <Filter>Wwise Files</Filter>
    </ClCompile>
    <ClCompile Include="..\..\Wwise\SDK\samples\SoundEngine\Common\AkFileLocationBase.cpp">
      <Filter>Wwise Files</Filter>
    </ClCompile>
    <ClCompile Include="..\..\Wwise\SDK\samples\SoundEngine\Common\AkFilePackage.cpp">
      <Filter>Wwise Files</Filter>
    </ClCompile>
    <ClCompile Include="..\..\Wwise\SDK\samples\SoundEngine\Common\AkFilePackageLUT.cpp">
      <Filter>Wwise Files</Filter>
    </ClCompile>
    <ClCompile Include="..\..\Wwise\SDK\samples\SoundEngine\Common\AkGeneratedSoundBanksResolver.cpp">
      <Filter>Wwise Files</Filter>
    </ClCompile>
    <ClCompile Include="..\..\Wwise\SDK\samples\SoundEngine\Common\AkJobWorkerMgr.cpp">
      <Filter>Wwise Files</Filter>
    </ClCompile>
    <ClCompile Include="..\..\Wwise\SDK\samples\SoundEngine\Common\AkMultipleFileLocation.cpp">
      <Filter>Wwise Files</Filter>
    </ClCompile>
    <ClCompile Include="..\..\Wwise\SDK\samples\SoundEngine\Common\AkPlatformProfilerHookStubs.cpp">
      <Filter>Wwise Files</Filter>
    </ClCompile>
  </ItemGroup>
  <ItemGroup>
    <ClInclude Include="AudioEngine.h" />
    <ClInclude Include="..\..\Wwise\SDK\samples\SoundEngine\Win32\AkDefaultIOHookDeferred.h">
      <Filter>Wwise Files</Filter>
    </ClInclude>
    <ClInclude Include="..\..\Wwise\SDK\samples\SoundEngine\Win32\AkFileHelpers.h">
      <Filter>Wwise Files</Filter>
    </ClInclude>
    <ClInclude Include="..\..\Wwise\SDK\samples\SoundEngine\Win32\stdafx.h">
      <Filter>Wwise Files</Filter>
    </ClInclude>
    <ClInclude Include="..\..\Wwise\SDK\samples\SoundEngine\Common\AkDefaultLowLevelIODispatcher.h">
      <Filter>Wwise Files</Filter>
    </ClInclude>
    <ClInclude Include="..\..\Wwise\SDK\samples\SoundEngine\Common\AkFileHelpersBase.h">
      <Filter>Wwise Files</Filter>
    </ClInclude>
    <ClInclude Include="..\..\Wwise\SDK\samples\SoundEngine\Common\AkFileLocationBase.h">
      <Filter>Wwise Files</Filter>
    </ClInclude>
    <ClInclude Include="..\..\Wwise\SDK\samples\SoundEngine\Common\AkFilePackage.h">
      <Filter>Wwise Files</Filter>
    </ClInclude>
    <ClInclude Include="..\..\Wwise\SDK\samples\SoundEngine\Common\AkFilePackageLowLevelIO.h">
      <Filter>Wwise Files</Filter>
    </ClInclude>
    <ClInclude Include="..\..\Wwise\SDK\samples\SoundEngine\Common\AkFilePackageLowLevelIODeferred.h">
      <Filter>Wwise Files</Filter>
    </ClInclude>
    <ClInclude Include="..\..\Wwise\SDK\samples\SoundEngine\Common\AkFilePackageLUT.h">
      <Filter>Wwise Files</Filter>
    </ClInclude>
    <ClInclude Include="..\..\Wwise\SDK\samples\SoundEngine\Common\AkGeneratedSoundBanksResolver.h">
      <Filter>Wwise Files</Filter>
    </ClInclude>
    <ClInclude Include="..\..\Wwise\SDK\samples\SoundEngine\Common\AkJobWorkerMgr.h">
      <Filter>Wwise Files</Filter>
    </ClInclude>
    <ClInclude Include="..\..\Wwise\SDK\samples\SoundEngine\Common\AkMultipleFileLocation.h">
      <Filter>Wwise Files</Filter>
    </ClInclude>
    <ClInclude Include="..\..\Wwise\SDK\samples\SoundEngine\Common\AkPlatformProfilerHooks.h">
      <Filter>Wwise Files</Filter>
    </ClInclude>
  </ItemGroup>
  <ItemGroup>
    <Filter Include="Wwise Files">
      <UniqueIdentifier>{837140d1-a14f-4ed7-a031-1749f2f30584}</UniqueIdentifier>
    </Filter>
  </ItemGroup>
  <ItemGroup>
    <None Include="..\..\Wwise\SDK\samples\SoundEngine\Common\AkFilePackageLowLevelIO.inl">
      <Filter>Wwise Files</Filter>
    </None>
  </ItemGroup>
</Project>